// !$*UTF8*$!
{
	archiveVersion = 1;
	classes = {
	};
	objectVersion = 50;
	objects = {

/* Begin PBXBuildFile section */
		069DC60F24A1FC7A0012B19C /* AppDelegate.swift in Sources */ = {isa = PBXBuildFile; fileRef = 069DC60E24A1FC7A0012B19C /* AppDelegate.swift */; };
		069DC61124A1FC7A0012B19C /* SceneDelegate.swift in Sources */ = {isa = PBXBuildFile; fileRef = 069DC61024A1FC7A0012B19C /* SceneDelegate.swift */; };
		069DC61324A1FC7A0012B19C /* ViewController.swift in Sources */ = {isa = PBXBuildFile; fileRef = 069DC61224A1FC7A0012B19C /* ViewController.swift */; };
		069DC61624A1FC7A0012B19C /* Main.storyboard in Resources */ = {isa = PBXBuildFile; fileRef = 069DC61424A1FC7A0012B19C /* Main.storyboard */; };
		069DC61824A1FC7D0012B19C /* Assets.xcassets in Resources */ = {isa = PBXBuildFile; fileRef = 069DC61724A1FC7D0012B19C /* Assets.xcassets */; };
		069DC61B24A1FC7D0012B19C /* LaunchScreen.storyboard in Resources */ = {isa = PBXBuildFile; fileRef = 069DC61924A1FC7D0012B19C /* LaunchScreen.storyboard */; };
		069DC62624A1FC7E0012B19C /* SundeedUITests.swift in Sources */ = {isa = PBXBuildFile; fileRef = 069DC62524A1FC7E0012B19C /* SundeedUITests.swift */; };
/* End PBXBuildFile section */

/* Begin PBXContainerItemProxy section */
		069DC62224A1FC7E0012B19C /* PBXContainerItemProxy */ = {
			isa = PBXContainerItemProxy;
			containerPortal = 069DC60324A1FC7A0012B19C /* Project object */;
			proxyType = 1;
			remoteGlobalIDString = 069DC60A24A1FC7A0012B19C;
			remoteInfo = SundeedUI;
		};
/* End PBXContainerItemProxy section */

/* Begin PBXFileReference section */
		069DC60B24A1FC7A0012B19C /* SundeedUI.app */ = {isa = PBXFileReference; explicitFileType = wrapper.application; includeInIndex = 0; path = SundeedUI.app; sourceTree = BUILT_PRODUCTS_DIR; };
		069DC60E24A1FC7A0012B19C /* AppDelegate.swift */ = {isa = PBXFileReference; lastKnownFileType = sourcecode.swift; path = AppDelegate.swift; sourceTree = "<group>"; };
		069DC61024A1FC7A0012B19C /* SceneDelegate.swift */ = {isa = PBXFileReference; lastKnownFileType = sourcecode.swift; path = SceneDelegate.swift; sourceTree = "<group>"; };
		069DC61224A1FC7A0012B19C /* ViewController.swift */ = {isa = PBXFileReference; lastKnownFileType = sourcecode.swift; path = ViewController.swift; sourceTree = "<group>"; };
		069DC61524A1FC7A0012B19C /* Base */ = {isa = PBXFileReference; lastKnownFileType = file.storyboard; name = Base; path = Base.lproj/Main.storyboard; sourceTree = "<group>"; };
		069DC61724A1FC7D0012B19C /* Assets.xcassets */ = {isa = PBXFileReference; lastKnownFileType = folder.assetcatalog; path = Assets.xcassets; sourceTree = "<group>"; };
		069DC61A24A1FC7D0012B19C /* Base */ = {isa = PBXFileReference; lastKnownFileType = file.storyboard; name = Base; path = Base.lproj/LaunchScreen.storyboard; sourceTree = "<group>"; };
		069DC61C24A1FC7D0012B19C /* Info.plist */ = {isa = PBXFileReference; lastKnownFileType = text.plist.xml; path = Info.plist; sourceTree = "<group>"; };
		069DC62124A1FC7E0012B19C /* SundeedUITests.xctest */ = {isa = PBXFileReference; explicitFileType = wrapper.cfbundle; includeInIndex = 0; path = SundeedUITests.xctest; sourceTree = BUILT_PRODUCTS_DIR; };
		069DC62524A1FC7E0012B19C /* SundeedUITests.swift */ = {isa = PBXFileReference; lastKnownFileType = sourcecode.swift; path = SundeedUITests.swift; sourceTree = "<group>"; };
		069DC62724A1FC7E0012B19C /* Info.plist */ = {isa = PBXFileReference; lastKnownFileType = text.plist.xml; path = Info.plist; sourceTree = "<group>"; };
/* End PBXFileReference section */

/* Begin PBXFrameworksBuildPhase section */
		069DC60824A1FC7A0012B19C /* Frameworks */ = {
			isa = PBXFrameworksBuildPhase;
			buildActionMask = 2147483647;
			files = (
			);
			runOnlyForDeploymentPostprocessing = 0;
		};
		069DC61E24A1FC7E0012B19C /* Frameworks */ = {
			isa = PBXFrameworksBuildPhase;
			buildActionMask = 2147483647;
			files = (
			);
			runOnlyForDeploymentPostprocessing = 0;
		};
/* End PBXFrameworksBuildPhase section */

/* Begin PBXGroup section */
		069DC60224A1FC7A0012B19C = {
			isa = PBXGroup;
			children = (
				069DC60D24A1FC7A0012B19C /* SundeedUI */,
				069DC62424A1FC7E0012B19C /* SundeedUITests */,
				069DC60C24A1FC7A0012B19C /* Products */,
			);
			sourceTree = "<group>";
		};
		069DC60C24A1FC7A0012B19C /* Products */ = {
			isa = PBXGroup;
			children = (
				069DC60B24A1FC7A0012B19C /* SundeedUI.app */,
				069DC62124A1FC7E0012B19C /* SundeedUITests.xctest */,
			);
			name = Products;
			sourceTree = "<group>";
		};
		069DC60D24A1FC7A0012B19C /* SundeedUI */ = {
			isa = PBXGroup;
			children = (
				069DC60E24A1FC7A0012B19C /* AppDelegate.swift */,
				069DC61024A1FC7A0012B19C /* SceneDelegate.swift */,
				069DC61224A1FC7A0012B19C /* ViewController.swift */,
				069DC61424A1FC7A0012B19C /* Main.storyboard */,
				069DC61724A1FC7D0012B19C /* Assets.xcassets */,
				069DC61924A1FC7D0012B19C /* LaunchScreen.storyboard */,
				069DC61C24A1FC7D0012B19C /* Info.plist */,
			);
			path = SundeedUI;
			sourceTree = "<group>";
		};
		069DC62424A1FC7E0012B19C /* SundeedUITests */ = {
			isa = PBXGroup;
			children = (
				069DC62524A1FC7E0012B19C /* SundeedUITests.swift */,
				069DC62724A1FC7E0012B19C /* Info.plist */,
			);
			path = SundeedUITests;
			sourceTree = "<group>";
		};
/* End PBXGroup section */

/* Begin PBXNativeTarget section */
		069DC60A24A1FC7A0012B19C /* SundeedUI */ = {
			isa = PBXNativeTarget;
			buildConfigurationList = 069DC62A24A1FC7E0012B19C /* Build configuration list for PBXNativeTarget "SundeedUI" */;
			buildPhases = (
				069DC60724A1FC7A0012B19C /* Sources */,
				069DC60824A1FC7A0012B19C /* Frameworks */,
				069DC60924A1FC7A0012B19C /* Resources */,
			);
			buildRules = (
			);
			dependencies = (
			);
			name = SundeedUI;
			productName = SundeedUI;
			productReference = 069DC60B24A1FC7A0012B19C /* SundeedUI.app */;
			productType = "com.apple.product-type.application";
		};
		069DC62024A1FC7E0012B19C /* SundeedUITests */ = {
			isa = PBXNativeTarget;
			buildConfigurationList = 069DC62D24A1FC7E0012B19C /* Build configuration list for PBXNativeTarget "SundeedUITests" */;
			buildPhases = (
				069DC61D24A1FC7E0012B19C /* Sources */,
				069DC61E24A1FC7E0012B19C /* Frameworks */,
				069DC61F24A1FC7E0012B19C /* Resources */,
			);
			buildRules = (
			);
			dependencies = (
				069DC62324A1FC7E0012B19C /* PBXTargetDependency */,
			);
			name = SundeedUITests;
			productName = SundeedUITests;
			productReference = 069DC62124A1FC7E0012B19C /* SundeedUITests.xctest */;
			productType = "com.apple.product-type.bundle.unit-test";
		};
/* End PBXNativeTarget section */

/* Begin PBXProject section */
		069DC60324A1FC7A0012B19C /* Project object */ = {
			isa = PBXProject;
			attributes = {
				LastSwiftUpdateCheck = 1150;
				LastUpgradeCheck = 1150;
				ORGANIZATIONNAME = LUMBERCODE;
				TargetAttributes = {
					069DC60A24A1FC7A0012B19C = {
						CreatedOnToolsVersion = 11.5;
					};
					069DC62024A1FC7E0012B19C = {
						CreatedOnToolsVersion = 11.5;
						TestTargetID = 069DC60A24A1FC7A0012B19C;
					};
				};
			};
			buildConfigurationList = 069DC60624A1FC7A0012B19C /* Build configuration list for PBXProject "SundeedUI" */;
			compatibilityVersion = "Xcode 9.3";
			developmentRegion = en;
			hasScannedForEncodings = 0;
			knownRegions = (
				en,
				Base,
			);
			mainGroup = 069DC60224A1FC7A0012B19C;
			productRefGroup = 069DC60C24A1FC7A0012B19C /* Products */;
			projectDirPath = "";
			projectRoot = "";
			targets = (
				069DC60A24A1FC7A0012B19C /* SundeedUI */,
				069DC62024A1FC7E0012B19C /* SundeedUITests */,
			);
		};
/* End PBXProject section */

/* Begin PBXResourcesBuildPhase section */
		069DC60924A1FC7A0012B19C /* Resources */ = {
			isa = PBXResourcesBuildPhase;
			buildActionMask = 2147483647;
			files = (
				069DC61B24A1FC7D0012B19C /* LaunchScreen.storyboard in Resources */,
				069DC61824A1FC7D0012B19C /* Assets.xcassets in Resources */,
				069DC61624A1FC7A0012B19C /* Main.storyboard in Resources */,
			);
			runOnlyForDeploymentPostprocessing = 0;
		};
		069DC61F24A1FC7E0012B19C /* Resources */ = {
			isa = PBXResourcesBuildPhase;
			buildActionMask = 2147483647;
			files = (
			);
			runOnlyForDeploymentPostprocessing = 0;
		};
/* End PBXResourcesBuildPhase section */

/* Begin PBXSourcesBuildPhase section */
		069DC60724A1FC7A0012B19C /* Sources */ = {
			isa = PBXSourcesBuildPhase;
			buildActionMask = 2147483647;
			files = (
				069DC61324A1FC7A0012B19C /* ViewController.swift in Sources */,
				069DC60F24A1FC7A0012B19C /* AppDelegate.swift in Sources */,
				069DC61124A1FC7A0012B19C /* SceneDelegate.swift in Sources */,
			);
			runOnlyForDeploymentPostprocessing = 0;
		};
		069DC61D24A1FC7E0012B19C /* Sources */ = {
			isa = PBXSourcesBuildPhase;
			buildActionMask = 2147483647;
			files = (
				069DC62624A1FC7E0012B19C /* SundeedUITests.swift in Sources */,
			);
			runOnlyForDeploymentPostprocessing = 0;
		};
/* End PBXSourcesBuildPhase section */

/* Begin PBXTargetDependency section */
		069DC62324A1FC7E0012B19C /* PBXTargetDependency */ = {
			isa = PBXTargetDependency;
			target = 069DC60A24A1FC7A0012B19C /* SundeedUI */;
			targetProxy = 069DC62224A1FC7E0012B19C /* PBXContainerItemProxy */;
		};
/* End PBXTargetDependency section */

/* Begin PBXVariantGroup section */
		069DC61424A1FC7A0012B19C /* Main.storyboard */ = {
			isa = PBXVariantGroup;
			children = (
				069DC61524A1FC7A0012B19C /* Base */,
			);
			name = Main.storyboard;
			sourceTree = "<group>";
		};
		069DC61924A1FC7D0012B19C /* LaunchScreen.storyboard */ = {
			isa = PBXVariantGroup;
			children = (
				069DC61A24A1FC7D0012B19C /* Base */,
			);
			name = LaunchScreen.storyboard;
			sourceTree = "<group>";
		};
/* End PBXVariantGroup section */

/* Begin XCBuildConfiguration section */
		069DC62824A1FC7E0012B19C /* Debug */ = {
			isa = XCBuildConfiguration;
			buildSettings = {
				ALWAYS_SEARCH_USER_PATHS = NO;
				CLANG_ANALYZER_NONNULL = YES;
				CLANG_ANALYZER_NUMBER_OBJECT_CONVERSION = YES_AGGRESSIVE;
				CLANG_CXX_LANGUAGE_STANDARD = "gnu++14";
				CLANG_CXX_LIBRARY = "libc++";
				CLANG_ENABLE_MODULES = YES;
				CLANG_ENABLE_OBJC_ARC = YES;
				CLANG_ENABLE_OBJC_WEAK = YES;
				CLANG_WARN_BLOCK_CAPTURE_AUTORELEASING = YES;
				CLANG_WARN_BOOL_CONVERSION = YES;
				CLANG_WARN_COMMA = YES;
				CLANG_WARN_CONSTANT_CONVERSION = YES;
				CLANG_WARN_DEPRECATED_OBJC_IMPLEMENTATIONS = YES;
				CLANG_WARN_DIRECT_OBJC_ISA_USAGE = YES_ERROR;
				CLANG_WARN_DOCUMENTATION_COMMENTS = YES;
				CLANG_WARN_EMPTY_BODY = YES;
				CLANG_WARN_ENUM_CONVERSION = YES;
				CLANG_WARN_INFINITE_RECURSION = YES;
				CLANG_WARN_INT_CONVERSION = YES;
				CLANG_WARN_NON_LITERAL_NULL_CONVERSION = YES;
				CLANG_WARN_OBJC_IMPLICIT_RETAIN_SELF = YES;
				CLANG_WARN_OBJC_LITERAL_CONVERSION = YES;
				CLANG_WARN_OBJC_ROOT_CLASS = YES_ERROR;
				CLANG_WARN_RANGE_LOOP_ANALYSIS = YES;
				CLANG_WARN_STRICT_PROTOTYPES = YES;
				CLANG_WARN_SUSPICIOUS_MOVE = YES;
				CLANG_WARN_UNGUARDED_AVAILABILITY = YES_AGGRESSIVE;
				CLANG_WARN_UNREACHABLE_CODE = YES;
				CLANG_WARN__DUPLICATE_METHOD_MATCH = YES;
				COPY_PHASE_STRIP = NO;
				DEBUG_INFORMATION_FORMAT = dwarf;
				ENABLE_STRICT_OBJC_MSGSEND = YES;
				ENABLE_TESTABILITY = YES;
				GCC_C_LANGUAGE_STANDARD = gnu11;
				GCC_DYNAMIC_NO_PIC = NO;
				GCC_NO_COMMON_BLOCKS = YES;
				GCC_OPTIMIZATION_LEVEL = 0;
				GCC_PREPROCESSOR_DEFINITIONS = (
					"DEBUG=1",
					"$(inherited)",
				);
				GCC_WARN_64_TO_32_BIT_CONVERSION = YES;
				GCC_WARN_ABOUT_RETURN_TYPE = YES_ERROR;
				GCC_WARN_UNDECLARED_SELECTOR = YES;
				GCC_WARN_UNINITIALIZED_AUTOS = YES_AGGRESSIVE;
				GCC_WARN_UNUSED_FUNCTION = YES;
				GCC_WARN_UNUSED_VARIABLE = YES;
				IPHONEOS_DEPLOYMENT_TARGET = 13.5;
				MTL_ENABLE_DEBUG_INFO = INCLUDE_SOURCE;
				MTL_FAST_MATH = YES;
				ONLY_ACTIVE_ARCH = YES;
				SDKROOT = iphoneos;
				SWIFT_ACTIVE_COMPILATION_CONDITIONS = DEBUG;
				SWIFT_OPTIMIZATION_LEVEL = "-Onone";
			};
			name = Debug;
		};
		069DC62924A1FC7E0012B19C /* Release */ = {
			isa = XCBuildConfiguration;
			buildSettings = {
				ALWAYS_SEARCH_USER_PATHS = NO;
				CLANG_ANALYZER_NONNULL = YES;
				CLANG_ANALYZER_NUMBER_OBJECT_CONVERSION = YES_AGGRESSIVE;
				CLANG_CXX_LANGUAGE_STANDARD = "gnu++14";
				CLANG_CXX_LIBRARY = "libc++";
				CLANG_ENABLE_MODULES = YES;
				CLANG_ENABLE_OBJC_ARC = YES;
				CLANG_ENABLE_OBJC_WEAK = YES;
				CLANG_WARN_BLOCK_CAPTURE_AUTORELEASING = YES;
				CLANG_WARN_BOOL_CONVERSION = YES;
				CLANG_WARN_COMMA = YES;
				CLANG_WARN_CONSTANT_CONVERSION = YES;
				CLANG_WARN_DEPRECATED_OBJC_IMPLEMENTATIONS = YES;
				CLANG_WARN_DIRECT_OBJC_ISA_USAGE = YES_ERROR;
				CLANG_WARN_DOCUMENTATION_COMMENTS = YES;
				CLANG_WARN_EMPTY_BODY = YES;
				CLANG_WARN_ENUM_CONVERSION = YES;
				CLANG_WARN_INFINITE_RECURSION = YES;
				CLANG_WARN_INT_CONVERSION = YES;
				CLANG_WARN_NON_LITERAL_NULL_CONVERSION = YES;
				CLANG_WARN_OBJC_IMPLICIT_RETAIN_SELF = YES;
				CLANG_WARN_OBJC_LITERAL_CONVERSION = YES;
				CLANG_WARN_OBJC_ROOT_CLASS = YES_ERROR;
				CLANG_WARN_RANGE_LOOP_ANALYSIS = YES;
				CLANG_WARN_STRICT_PROTOTYPES = YES;
				CLANG_WARN_SUSPICIOUS_MOVE = YES;
				CLANG_WARN_UNGUARDED_AVAILABILITY = YES_AGGRESSIVE;
				CLANG_WARN_UNREACHABLE_CODE = YES;
				CLANG_WARN__DUPLICATE_METHOD_MATCH = YES;
				COPY_PHASE_STRIP = NO;
				DEBUG_INFORMATION_FORMAT = "dwarf-with-dsym";
				ENABLE_NS_ASSERTIONS = NO;
				ENABLE_STRICT_OBJC_MSGSEND = YES;
				GCC_C_LANGUAGE_STANDARD = gnu11;
				GCC_NO_COMMON_BLOCKS = YES;
				GCC_WARN_64_TO_32_BIT_CONVERSION = YES;
				GCC_WARN_ABOUT_RETURN_TYPE = YES_ERROR;
				GCC_WARN_UNDECLARED_SELECTOR = YES;
				GCC_WARN_UNINITIALIZED_AUTOS = YES_AGGRESSIVE;
				GCC_WARN_UNUSED_FUNCTION = YES;
				GCC_WARN_UNUSED_VARIABLE = YES;
				IPHONEOS_DEPLOYMENT_TARGET = 13.5;
				MTL_ENABLE_DEBUG_INFO = NO;
				MTL_FAST_MATH = YES;
				SDKROOT = iphoneos;
				SWIFT_COMPILATION_MODE = wholemodule;
				SWIFT_OPTIMIZATION_LEVEL = "-O";
				VALIDATE_PRODUCT = YES;
			};
			name = Release;
		};
		069DC62B24A1FC7E0012B19C /* Debug */ = {
			isa = XCBuildConfiguration;
			buildSettings = {
				ASSETCATALOG_COMPILER_APPICON_NAME = AppIcon;
				CODE_SIGN_STYLE = Automatic;
				DEVELOPMENT_TEAM = K897Z868JW;
				INFOPLIST_FILE = SundeedUI/Info.plist;
				LD_RUNPATH_SEARCH_PATHS = (
					"$(inherited)",
					"@executable_path/Frameworks",
				);
				PRODUCT_BUNDLE_IDENTIFIER = com.LUMBERCODE.SundeedUI;
				PRODUCT_NAME = "$(TARGET_NAME)";
				SWIFT_VERSION = 5.0;
				TARGETED_DEVICE_FAMILY = "1,2";
			};
			name = Debug;
		};
		069DC62C24A1FC7E0012B19C /* Release */ = {
			isa = XCBuildConfiguration;
			buildSettings = {
				ASSETCATALOG_COMPILER_APPICON_NAME = AppIcon;
				CODE_SIGN_STYLE = Automatic;
				DEVELOPMENT_TEAM = K897Z868JW;
				INFOPLIST_FILE = SundeedUI/Info.plist;
				LD_RUNPATH_SEARCH_PATHS = (
					"$(inherited)",
					"@executable_path/Frameworks",
				);
				PRODUCT_BUNDLE_IDENTIFIER = com.LUMBERCODE.SundeedUI;
				PRODUCT_NAME = "$(TARGET_NAME)";
				SWIFT_VERSION = 5.0;
				TARGETED_DEVICE_FAMILY = "1,2";
			};
			name = Release;
		};
		069DC62E24A1FC7E0012B19C /* Debug */ = {
			isa = XCBuildConfiguration;
			buildSettings = {
				ALWAYS_EMBED_SWIFT_STANDARD_LIBRARIES = YES;
				BUNDLE_LOADER = "$(TEST_HOST)";
				CODE_SIGN_STYLE = Automatic;
				DEVELOPMENT_TEAM = K897Z868JW;
				INFOPLIST_FILE = SundeedUITests/Info.plist;
				IPHONEOS_DEPLOYMENT_TARGET = 13.5;
				LD_RUNPATH_SEARCH_PATHS = (
					"$(inherited)",
					"@executable_path/Frameworks",
					"@loader_path/Frameworks",
				);
				PRODUCT_BUNDLE_IDENTIFIER = com.LUMBERCODE.SundeedUITests;
				PRODUCT_NAME = "$(TARGET_NAME)";
				SWIFT_VERSION = 5.0;
				TARGETED_DEVICE_FAMILY = "1,2";
				TEST_HOST = "$(BUILT_PRODUCTS_DIR)/SundeedUI.app/SundeedUI";
			};
			name = Debug;
		};
		069DC62F24A1FC7E0012B19C /* Release */ = {
			isa = XCBuildConfiguration;
			buildSettings = {
				ALWAYS_EMBED_SWIFT_STANDARD_LIBRARIES = YES;
				BUNDLE_LOADER = "$(TEST_HOST)";
				CODE_SIGN_STYLE = Automatic;
				DEVELOPMENT_TEAM = K897Z868JW;
				INFOPLIST_FILE = SundeedUITests/Info.plist;
				IPHONEOS_DEPLOYMENT_TARGET = 13.5;
				LD_RUNPATH_SEARCH_PATHS = (
					"$(inherited)",
					"@executable_path/Frameworks",
					"@loader_path/Frameworks",
				);
				PRODUCT_BUNDLE_IDENTIFIER = com.LUMBERCODE.SundeedUITests;
				PRODUCT_NAME = "$(TARGET_NAME)";
				SWIFT_VERSION = 5.0;
				TARGETED_DEVICE_FAMILY = "1,2";
				TEST_HOST = "$(BUILT_PRODUCTS_DIR)/SundeedUI.app/SundeedUI";
			};
			name = Release;
		};
/* End XCBuildConfiguration section */

/* Begin XCConfigurationList section */
		069DC60624A1FC7A0012B19C /* Build configuration list for PBXProject "SundeedUI" */ = {
			isa = XCConfigurationList;
			buildConfigurations = (
				069DC62824A1FC7E0012B19C /* Debug */,
				069DC62924A1FC7E0012B19C /* Release */,
			);
			defaultConfigurationIsVisible = 0;
			defaultConfigurationName = Release;
		};
		069DC62A24A1FC7E0012B19C /* Build configuration list for PBXNativeTarget "SundeedUI" */ = {
			isa = XCConfigurationList;
			buildConfigurations = (
				069DC62B24A1FC7E0012B19C /* Debug */,
				069DC62C24A1FC7E0012B19C /* Release */,
			);
			defaultConfigurationIsVisible = 0;
			defaultConfigurationName = Release;
		};
		069DC62D24A1FC7E0012B19C /* Build configuration list for PBXNativeTarget "SundeedUITests" */ = {
			isa = XCConfigurationList;
			buildConfigurations = (
				069DC62E24A1FC7E0012B19C /* Debug */,
				069DC62F24A1FC7E0012B19C /* Release */,
			);
			defaultConfigurationIsVisible = 0;
			defaultConfigurationName = Release;
		};
/* End XCConfigurationList section */
	};
	rootObject = 069DC60324A1FC7A0012B19C /* Project object */;
}
